// !$*UTF8*$!
{
	archiveVersion = 1;
	classes = {
	};
	objectVersion = 46;
	objects = {

/* Begin PBXBuildFile section */
		88C098251C8F97F600CD05C3 /* AppDelegate.swift in Sources */ = {isa = PBXBuildFile; fileRef = 88C098241C8F97F600CD05C3 /* AppDelegate.swift */; };
		88C098271C8F97F600CD05C3 /* ViewController.swift in Sources */ = {isa = PBXBuildFile; fileRef = 88C098261C8F97F600CD05C3 /* ViewController.swift */; };
		88C098291C8F97F600CD05C3 /* Assets.xcassets in Resources */ = {isa = PBXBuildFile; fileRef = 88C098281C8F97F600CD05C3 /* Assets.xcassets */; };
		88C0982C1C8F97F600CD05C3 /* Main.storyboard in Resources */ = {isa = PBXBuildFile; fileRef = 88C0982A1C8F97F600CD05C3 /* Main.storyboard */; };
/* End PBXBuildFile section */

/* Begin PBXFileReference section */
		88C098211C8F97F600CD05C3 /* Palette Maker.app */ = {isa = PBXFileReference; explicitFileType = wrapper.application; includeInIndex = 0; path = "Palette Maker.app"; sourceTree = BUILT_PRODUCTS_DIR; };
		88C098241C8F97F600CD05C3 /* AppDelegate.swift */ = {isa = PBXFileReference; lastKnownFileType = sourcecode.swift; path = AppDelegate.swift; sourceTree = "<group>"; };
		88C098261C8F97F600CD05C3 /* ViewController.swift */ = {isa = PBXFileReference; lastKnownFileType = sourcecode.swift; path = ViewController.swift; sourceTree = "<group>"; };
		88C098281C8F97F600CD05C3 /* Assets.xcassets */ = {isa = PBXFileReference; lastKnownFileType = folder.assetcatalog; path = Assets.xcassets; sourceTree = "<group>"; };
		88C0982B1C8F97F600CD05C3 /* Base */ = {isa = PBXFileReference; lastKnownFileType = file.storyboard; name = Base; path = Base.lproj/Main.storyboard; sourceTree = "<group>"; };
		88C0982D1C8F97F600CD05C3 /* Info.plist */ = {isa = PBXFileReference; lastKnownFileType = text.plist.xml; path = Info.plist; sourceTree = "<group>"; };
/* End PBXFileReference section */

/* Begin PBXFrameworksBuildPhase section */
		88C0981E1C8F97F600CD05C3 /* Frameworks */ = {
			isa = PBXFrameworksBuildPhase;
			buildActionMask = 2147483647;
			files = (
			);
			runOnlyForDeploymentPostprocessing = 0;
		};
/* End PBXFrameworksBuildPhase section */

/* Begin PBXGroup section */
		88C098181C8F97F600CD05C3 = {
			isa = PBXGroup;
			children = (
				88C098231C8F97F600CD05C3 /* Palette Maker */,
				88C098221C8F97F600CD05C3 /* Products */,
			);
			sourceTree = "<group>";
		};
		88C098221C8F97F600CD05C3 /* Products */ = {
			isa = PBXGroup;
			children = (
				88C098211C8F97F600CD05C3 /* Palette Maker.app */,
			);
			name = Products;
			sourceTree = "<group>";
		};
		88C098231C8F97F600CD05C3 /* Palette Maker */ = {
			isa = PBXGroup;
			children = (
				88C098241C8F97F600CD05C3 /* AppDelegate.swift */,
				88C098261C8F97F600CD05C3 /* ViewController.swift */,
				88C098281C8F97F600CD05C3 /* Assets.xcassets */,
				88C0982A1C8F97F600CD05C3 /* Main.storyboard */,
				88C0982D1C8F97F600CD05C3 /* Info.plist */,
			);
			path = "Palette Maker";
			sourceTree = "<group>";
		};
/* End PBXGroup section */

/* Begin PBXNativeTarget section */
		88C098201C8F97F600CD05C3 /* Palette Maker */ = {
			isa = PBXNativeTarget;
			buildConfigurationList = 88C098301C8F97F600CD05C3 /* Build configuration list for PBXNativeTarget "Palette Maker" */;
			buildPhases = (
				88C0981D1C8F97F600CD05C3 /* Sources */,
				88C0981E1C8F97F600CD05C3 /* Frameworks */,
				88C0981F1C8F97F600CD05C3 /* Resources */,
			);
			buildRules = (
			);
			dependencies = (
			);
			name = "Palette Maker";
			productName = "Palette Maker";
			productReference = 88C098211C8F97F600CD05C3 /* Palette Maker.app */;
			productType = "com.apple.product-type.application";
		};
/* End PBXNativeTarget section */

/* Begin PBXProject section */
		88C098191C8F97F600CD05C3 /* Project object */ = {
			isa = PBXProject;
			attributes = {
				LastSwiftUpdateCheck = 0720;
				LastUpgradeCheck = 0720;
				ORGANIZATIONNAME = "Shoshin Boogie";
				TargetAttributes = {
					88C098201C8F97F600CD05C3 = {
						CreatedOnToolsVersion = 7.2.1;
					};
				};
			};
			buildConfigurationList = 88C0981C1C8F97F600CD05C3 /* Build configuration list for PBXProject "Palette Maker" */;
			compatibilityVersion = "Xcode 3.2";
			developmentRegion = English;
			hasScannedForEncodings = 0;
			knownRegions = (
				en,
				Base,
			);
			mainGroup = 88C098181C8F97F600CD05C3;
			productRefGroup = 88C098221C8F97F600CD05C3 /* Products */;
			projectDirPath = "";
			projectRoot = "";
			targets = (
				88C098201C8F97F600CD05C3 /* Palette Maker */,
			);
		};
/* End PBXProject section */

/* Begin PBXResourcesBuildPhase section */
		88C0981F1C8F97F600CD05C3 /* Resources */ = {
			isa = PBXResourcesBuildPhase;
			buildActionMask = 2147483647;
			files = (
				88C098291C8F97F600CD05C3 /* Assets.xcassets in Resources */,
				88C0982C1C8F97F600CD05C3 /* Main.storyboard in Resources */,
			);
			runOnlyForDeploymentPostprocessing = 0;
		};
/* End PBXResourcesBuildPhase section */

/* Begin PBXSourcesBuildPhase section */
		88C0981D1C8F97F600CD05C3 /* Sources */ = {
			isa = PBXSourcesBuildPhase;
			buildActionMask = 2147483647;
			files = (
				88C098271C8F97F600CD05C3 /* ViewController.swift in Sources */,
				88C098251C8F97F600CD05C3 /* AppDelegate.swift in Sources */,
			);
			runOnlyForDeploymentPostprocessing = 0;
		};
/* End PBXSourcesBuildPhase section */

/* Begin PBXVariantGroup section */
		88C0982A1C8F97F600CD05C3 /* Main.storyboard */ = {
			isa = PBXVariantGroup;
			children = (
				88C0982B1C8F97F600CD05C3 /* Base */,
			);
			name = Main.storyboard;
			sourceTree = "<group>";
		};
/* End PBXVariantGroup section */

/* Begin XCBuildConfiguration section */
		88C0982E1C8F97F600CD05C3 /* Debug */ = {
			isa = XCBuildConfiguration;
			buildSettings = {
				ALWAYS_SEARCH_USER_PATHS = NO;
				CLANG_CXX_LANGUAGE_STANDARD = "gnu++0x";
				CLANG_CXX_LIBRARY = "libc++";
				CLANG_ENABLE_MODULES = YES;
				CLANG_ENABLE_OBJC_ARC = YES;
				CLANG_WARN_BOOL_CONVERSION = YES;
				CLANG_WARN_CONSTANT_CONVERSION = YES;
				CLANG_WARN_DIRECT_OBJC_ISA_USAGE = YES_ERROR;
				CLANG_WARN_EMPTY_BODY = YES;
				CLANG_WARN_ENUM_CONVERSION = YES;
				CLANG_WARN_INT_CONVERSION = YES;
				CLANG_WARN_OBJC_ROOT_CLASS = YES_ERROR;
				CLANG_WARN_UNREACHABLE_CODE = YES;
				CLANG_WARN__DUPLICATE_METHOD_MATCH = YES;
				CODE_SIGN_IDENTITY = "-";
				COPY_PHASE_STRIP = NO;
				DEBUG_INFORMATION_FORMAT = dwarf;
				ENABLE_STRICT_OBJC_MSGSEND = YES;
				ENABLE_TESTABILITY = YES;
				GCC_C_LANGUAGE_STANDARD = gnu99;
				GCC_DYNAMIC_NO_PIC = NO;
				GCC_NO_COMMON_BLOCKS = YES;
				GCC_OPTIMIZATION_LEVEL = 0;
				GCC_PREPROCESSOR_DEFINITIONS = (
					"DEBUG=1",
					"$(inherited)",
				);
				GCC_WARN_64_TO_32_BIT_CONVERSION = YES;
				GCC_WARN_ABOUT_RETURN_TYPE = YES_ERROR;
				GCC_WARN_UNDECLARED_SELECTOR = YES;
				GCC_WARN_UNINITIALIZED_AUTOS = YES_AGGRESSIVE;
				GCC_WARN_UNUSED_FUNCTION = YES;
				GCC_WARN_UNUSED_VARIABLE = YES;
				MACOSX_DEPLOYMENT_TARGET = 10.11;
				MTL_ENABLE_DEBUG_INFO = YES;
				ONLY_ACTIVE_ARCH = YES;
				SDKROOT = macosx;
				SWIFT_OPTIMIZATION_LEVEL = "-Onone";
			};
			name = Debug;
		};
		88C0982F1C8F97F600CD05C3 /* Release */ = {
			isa = XCBuildConfiguration;
			buildSettings = {
				ALWAYS_SEARCH_USER_PATHS = NO;
				CLANG_CXX_LANGUAGE_STANDARD = "gnu++0x";
				CLANG_CXX_LIBRARY = "libc++";
				CLANG_ENABLE_MODULES = YES;
				CLANG_ENABLE_OBJC_ARC = YES;
				CLANG_WARN_BOOL_CONVERSION = YES;
				CLANG_WARN_CONSTANT_CONVERSION = YES;
				CLANG_WARN_DIRECT_OBJC_ISA_USAGE = YES_ERROR;
				CLANG_WARN_EMPTY_BODY = YES;
				CLANG_WARN_ENUM_CONVERSION = YES;
				CLANG_WARN_INT_CONVERSION = YES;
				CLANG_WARN_OBJC_ROOT_CLASS = YES_ERROR;
				CLANG_WARN_UNREACHABLE_CODE = YES;
				CLANG_WARN__DUPLICATE_METHOD_MATCH = YES;
				CODE_SIGN_IDENTITY = "-";
				COPY_PHASE_STRIP = NO;
				DEBUG_INFORMATION_FORMAT = "dwarf-with-dsym";
				ENABLE_NS_ASSERTIONS = NO;
				ENABLE_STRICT_OBJC_MSGSEND = YES;
				GCC_C_LANGUAGE_STANDARD = gnu99;
				GCC_NO_COMMON_BLOCKS = YES;
				GCC_WARN_64_TO_32_BIT_CONVERSION = YES;
				GCC_WARN_ABOUT_RETURN_TYPE = YES_ERROR;
				GCC_WARN_UNDECLARED_SELECTOR = YES;
				GCC_WARN_UNINITIALIZED_AUTOS = YES_AGGRESSIVE;
				GCC_WARN_UNUSED_FUNCTION = YES;
				GCC_WARN_UNUSED_VARIABLE = YES;
				MACOSX_DEPLOYMENT_TARGET = 10.11;
				MTL_ENABLE_DEBUG_INFO = NO;
				SDKROOT = macosx;
			};
			name = Release;
		};
		88C098311C8F97F600CD05C3 /* Debug */ = {
			isa = XCBuildConfiguration;
			buildSettings = {
				ASSETCATALOG_COMPILER_APPICON_NAME = AppIcon;
				COMBINE_HIDPI_IMAGES = YES;
				INFOPLIST_FILE = "Palette Maker/Info.plist";
				LD_RUNPATH_SEARCH_PATHS = "$(inherited) @executable_path/../Frameworks";
				PRODUCT_BUNDLE_IDENTIFIER = "ShoshinBoogie.Palette-Maker";
				PRODUCT_NAME = "$(TARGET_NAME)";
			};
			name = Debug;
		};
		88C098321C8F97F600CD05C3 /* Release */ = {
			isa = XCBuildConfiguration;
			buildSettings = {
				ASSETCATALOG_COMPILER_APPICON_NAME = AppIcon;
				COMBINE_HIDPI_IMAGES = YES;
				INFOPLIST_FILE = "Palette Maker/Info.plist";
				LD_RUNPATH_SEARCH_PATHS = "$(inherited) @executable_path/../Frameworks";
				PRODUCT_BUNDLE_IDENTIFIER = "ShoshinBoogie.Palette-Maker";
				PRODUCT_NAME = "$(TARGET_NAME)";
			};
			name = Release;
		};
/* End XCBuildConfiguration section */

/* Begin XCConfigurationList section */
		88C0981C1C8F97F600CD05C3 /* Build configuration list for PBXProject "Palette Maker" */ = {
			isa = XCConfigurationList;
			buildConfigurations = (
				88C0982E1C8F97F600CD05C3 /* Debug */,
				88C0982F1C8F97F600CD05C3 /* Release */,
			);
			defaultConfigurationIsVisible = 0;
			defaultConfigurationName = Release;
		};
		88C098301C8F97F600CD05C3 /* Build configuration list for PBXNativeTarget "Palette Maker" */ = {
			isa = XCConfigurationList;
			buildConfigurations = (
				88C098311C8F97F600CD05C3 /* Debug */,
				88C098321C8F97F600CD05C3 /* Release */,
			);
			defaultConfigurationIsVisible = 0;
		};
/* End XCConfigurationList section */
	};
	rootObject = 88C098191C8F97F600CD05C3 /* Project object */;
}
